// !$*UTF8*$!
{
	archiveVersion = 1;
	classes = {
	};
	objectVersion = 51;
	objects = {

/* Begin PBXBuildFile section */
		BA680E977A876631F9582465 /* Pods_localizationProject.framework in Frameworks */ = {isa = PBXBuildFile; fileRef = 700E15A032D874EDB08F4F68 /* Pods_localizationProject.framework */; };
		E20C94A523D3C32300D2EDE6 /* R.generated.swift in Sources */ = {isa = PBXBuildFile; fileRef = E20C94A423D3C32300D2EDE6 /* R.generated.swift */; };
		E20C94A823D3C80C00D2EDE6 /* Localizable.strings in Resources */ = {isa = PBXBuildFile; fileRef = E20C94AA23D3C80C00D2EDE6 /* Localizable.strings */; };
		E20C94AD23D4953A00D2EDE6 /* LocalizationSystem.swift in Sources */ = {isa = PBXBuildFile; fileRef = E20C94AC23D4953A00D2EDE6 /* LocalizationSystem.swift */; };
		E20C94B723D4C6C600D2EDE6 /* Main.storyboard in Resources */ = {isa = PBXBuildFile; fileRef = E20C94B623D4C6C500D2EDE6 /* Main.storyboard */; };
		E296C2A223D1DCCB00BD3DFF /* AppDelegate.swift in Sources */ = {isa = PBXBuildFile; fileRef = E296C2A123D1DCCB00BD3DFF /* AppDelegate.swift */; };
		E296C2A423D1DCCB00BD3DFF /* SceneDelegate.swift in Sources */ = {isa = PBXBuildFile; fileRef = E296C2A323D1DCCB00BD3DFF /* SceneDelegate.swift */; };
		E296C2A623D1DCCB00BD3DFF /* ViewController.swift in Sources */ = {isa = PBXBuildFile; fileRef = E296C2A523D1DCCB00BD3DFF /* ViewController.swift */; };
		E296C2AB23D1DCCD00BD3DFF /* Assets.xcassets in Resources */ = {isa = PBXBuildFile; fileRef = E296C2AA23D1DCCD00BD3DFF /* Assets.xcassets */; };
		E296C2AE23D1DCCD00BD3DFF /* LaunchScreen.storyboard in Resources */ = {isa = PBXBuildFile; fileRef = E296C2AC23D1DCCD00BD3DFF /* LaunchScreen.storyboard */; };
/* End PBXBuildFile section */

/* Begin PBXFileReference section */
		700E15A032D874EDB08F4F68 /* Pods_localizationProject.framework */ = {isa = PBXFileReference; explicitFileType = wrapper.framework; includeInIndex = 0; path = Pods_localizationProject.framework; sourceTree = BUILT_PRODUCTS_DIR; };
		A399072EFF396949FF9206D2 /* Pods-localizationProject.release.xcconfig */ = {isa = PBXFileReference; includeInIndex = 1; lastKnownFileType = text.xcconfig; name = "Pods-localizationProject.release.xcconfig"; path = "Target Support Files/Pods-localizationProject/Pods-localizationProject.release.xcconfig"; sourceTree = "<group>"; };
		D4A5D740C92EADE027349D89 /* Pods-localizationProject.debug.xcconfig */ = {isa = PBXFileReference; includeInIndex = 1; lastKnownFileType = text.xcconfig; name = "Pods-localizationProject.debug.xcconfig"; path = "Target Support Files/Pods-localizationProject/Pods-localizationProject.debug.xcconfig"; sourceTree = "<group>"; };
		E20C949F23D33E3B00D2EDE6 /* ar */ = {isa = PBXFileReference; lastKnownFileType = text.plist.strings; name = ar; path = ar.lproj/LaunchScreen.strings; sourceTree = "<group>"; };
		E20C94A423D3C32300D2EDE6 /* R.generated.swift */ = {isa = PBXFileReference; fileEncoding = 4; lastKnownFileType = sourcecode.swift; path = R.generated.swift; sourceTree = SOURCE_ROOT; };
		E20C94A923D3C80C00D2EDE6 /* ar */ = {isa = PBXFileReference; lastKnownFileType = text.plist.strings; name = ar; path = ar.lproj/Localizable.strings; sourceTree = "<group>"; };
		E20C94AB23D3C81200D2EDE6 /* en */ = {isa = PBXFileReference; lastKnownFileType = text.plist.strings; name = en; path = en.lproj/Localizable.strings; sourceTree = "<group>"; };
		E20C94AC23D4953A00D2EDE6 /* LocalizationSystem.swift */ = {isa = PBXFileReference; fileEncoding = 4; lastKnownFileType = sourcecode.swift; path = LocalizationSystem.swift; sourceTree = "<group>"; };
		E20C94B623D4C6C500D2EDE6 /* Main.storyboard */ = {isa = PBXFileReference; fileEncoding = 4; lastKnownFileType = file.storyboard; name = Main.storyboard; path = ../../../.Trash/Main.storyboard; sourceTree = "<group>"; };
		E296C29E23D1DCCB00BD3DFF /* localizationProject.app */ = {isa = PBXFileReference; explicitFileType = wrapper.application; includeInIndex = 0; path = localizationProject.app; sourceTree = BUILT_PRODUCTS_DIR; };
		E296C2A123D1DCCB00BD3DFF /* AppDelegate.swift */ = {isa = PBXFileReference; lastKnownFileType = sourcecode.swift; path = AppDelegate.swift; sourceTree = "<group>"; };
		E296C2A323D1DCCB00BD3DFF /* SceneDelegate.swift */ = {isa = PBXFileReference; lastKnownFileType = sourcecode.swift; path = SceneDelegate.swift; sourceTree = "<group>"; };
		E296C2A523D1DCCB00BD3DFF /* ViewController.swift */ = {isa = PBXFileReference; lastKnownFileType = sourcecode.swift; path = ViewController.swift; sourceTree = "<group>"; };
		E296C2AA23D1DCCD00BD3DFF /* Assets.xcassets */ = {isa = PBXFileReference; lastKnownFileType = folder.assetcatalog; path = Assets.xcassets; sourceTree = "<group>"; };
		E296C2AD23D1DCCD00BD3DFF /* Base */ = {isa = PBXFileReference; lastKnownFileType = file.storyboard; name = Base; path = Base.lproj/LaunchScreen.storyboard; sourceTree = "<group>"; };
		E296C2AF23D1DCCD00BD3DFF /* Info.plist */ = {isa = PBXFileReference; lastKnownFileType = text.plist.xml; path = Info.plist; sourceTree = "<group>"; };
/* End PBXFileReference section */

/* Begin PBXFrameworksBuildPhase section */
		E296C29B23D1DCCB00BD3DFF /* Frameworks */ = {
			isa = PBXFrameworksBuildPhase;
			buildActionMask = 2147483647;
			files = (
				BA680E977A876631F9582465 /* Pods_localizationProject.framework in Frameworks */,
			);
			runOnlyForDeploymentPostprocessing = 0;
		};
/* End PBXFrameworksBuildPhase section */

/* Begin PBXGroup section */
		5E58319D8835A1B0141CCAEC /* Frameworks */ = {
			isa = PBXGroup;
			children = (
				700E15A032D874EDB08F4F68 /* Pods_localizationProject.framework */,
			);
			name = Frameworks;
			sourceTree = "<group>";
		};
		6B1822FBD28EB458D75B98DE /* Pods */ = {
			isa = PBXGroup;
			children = (
				D4A5D740C92EADE027349D89 /* Pods-localizationProject.debug.xcconfig */,
				A399072EFF396949FF9206D2 /* Pods-localizationProject.release.xcconfig */,
			);
			path = Pods;
			sourceTree = "<group>";
		};
		E296C29523D1DCCB00BD3DFF = {
			isa = PBXGroup;
			children = (
				E296C2A023D1DCCB00BD3DFF /* localizationProject */,
				E296C29F23D1DCCB00BD3DFF /* Products */,
				6B1822FBD28EB458D75B98DE /* Pods */,
				5E58319D8835A1B0141CCAEC /* Frameworks */,
			);
			sourceTree = "<group>";
		};
		E296C29F23D1DCCB00BD3DFF /* Products */ = {
			isa = PBXGroup;
			children = (
				E296C29E23D1DCCB00BD3DFF /* localizationProject.app */,
			);
			name = Products;
			sourceTree = "<group>";
		};
		E296C2A023D1DCCB00BD3DFF /* localizationProject */ = {
			isa = PBXGroup;
			children = (
				E296C2A123D1DCCB00BD3DFF /* AppDelegate.swift */,
				E296C2A323D1DCCB00BD3DFF /* SceneDelegate.swift */,
				E20C94A423D3C32300D2EDE6 /* R.generated.swift */,
				E296C2A523D1DCCB00BD3DFF /* ViewController.swift */,
				E20C94B623D4C6C500D2EDE6 /* Main.storyboard */,
				E296C2AA23D1DCCD00BD3DFF /* Assets.xcassets */,
				E296C2AC23D1DCCD00BD3DFF /* LaunchScreen.storyboard */,
				E296C2AF23D1DCCD00BD3DFF /* Info.plist */,
				E20C94AA23D3C80C00D2EDE6 /* Localizable.strings */,
				E20C94AC23D4953A00D2EDE6 /* LocalizationSystem.swift */,
			);
			path = localizationProject;
			sourceTree = "<group>";
		};
/* End PBXGroup section */

/* Begin PBXNativeTarget section */
		E296C29D23D1DCCB00BD3DFF /* localizationProject */ = {
			isa = PBXNativeTarget;
			buildConfigurationList = E296C2B223D1DCCD00BD3DFF /* Build configuration list for PBXNativeTarget "localizationProject" */;
			buildPhases = (
				006CFEFED7EFE25221CC6FE7 /* [CP] Check Pods Manifest.lock */,
				E20C94A123D3C1D400D2EDE6 /* R Swift Script */,
				E296C29A23D1DCCB00BD3DFF /* Sources */,
				E296C29B23D1DCCB00BD3DFF /* Frameworks */,
				E296C29C23D1DCCB00BD3DFF /* Resources */,
				675B59D98746C9C075C3D079 /* [CP] Embed Pods Frameworks */,
			);
			buildRules = (
			);
			dependencies = (
			);
			name = localizationProject;
			productName = localizationProject;
			productReference = E296C29E23D1DCCB00BD3DFF /* localizationProject.app */;
			productType = "com.apple.product-type.application";
		};
/* End PBXNativeTarget section */

/* Begin PBXProject section */
		E296C29623D1DCCB00BD3DFF /* Project object */ = {
			isa = PBXProject;
			attributes = {
				LastSwiftUpdateCheck = 1110;
				LastUpgradeCheck = 1110;
				ORGANIZATIONNAME = AHMED;
				TargetAttributes = {
					E296C29D23D1DCCB00BD3DFF = {
						CreatedOnToolsVersion = 11.1;
					};
				};
			};
			buildConfigurationList = E296C29923D1DCCB00BD3DFF /* Build configuration list for PBXProject "localizationProject" */;
			compatibilityVersion = "Xcode 9.3";
			developmentRegion = en;
			hasScannedForEncodings = 0;
			knownRegions = (
				en,
				Base,
				ar,
			);
			mainGroup = E296C29523D1DCCB00BD3DFF;
			productRefGroup = E296C29F23D1DCCB00BD3DFF /* Products */;
			projectDirPath = "";
			projectRoot = "";
			targets = (
				E296C29D23D1DCCB00BD3DFF /* localizationProject */,
			);
		};
/* End PBXProject section */

/* Begin PBXResourcesBuildPhase section */
		E296C29C23D1DCCB00BD3DFF /* Resources */ = {
			isa = PBXResourcesBuildPhase;
			buildActionMask = 2147483647;
			files = (
				E296C2AE23D1DCCD00BD3DFF /* LaunchScreen.storyboard in Resources */,
				E20C94B723D4C6C600D2EDE6 /* Main.storyboard in Resources */,
				E20C94A823D3C80C00D2EDE6 /* Localizable.strings in Resources */,
				E296C2AB23D1DCCD00BD3DFF /* Assets.xcassets in Resources */,
			);
			runOnlyForDeploymentPostprocessing = 0;
		};
/* End PBXResourcesBuildPhase section */

/* Begin PBXShellScriptBuildPhase section */
		006CFEFED7EFE25221CC6FE7 /* [CP] Check Pods Manifest.lock */ = {
			isa = PBXShellScriptBuildPhase;
			buildActionMask = 2147483647;
			files = (
			);
			inputFileListPaths = (
			);
			inputPaths = (
				"${PODS_PODFILE_DIR_PATH}/Podfile.lock",
				"${PODS_ROOT}/Manifest.lock",
			);
			name = "[CP] Check Pods Manifest.lock";
			outputFileListPaths = (
			);
			outputPaths = (
				"$(DERIVED_FILE_DIR)/Pods-localizationProject-checkManifestLockResult.txt",
			);
			runOnlyForDeploymentPostprocessing = 0;
			shellPath = /bin/sh;
			shellScript = "diff \"${PODS_PODFILE_DIR_PATH}/Podfile.lock\" \"${PODS_ROOT}/Manifest.lock\" > /dev/null\nif [ $? != 0 ] ; then\n    # print error to STDERR\n    echo \"error: The sandbox is not in sync with the Podfile.lock. Run 'pod install' or update your CocoaPods installation.\" >&2\n    exit 1\nfi\n# This output is used by Xcode 'outputs' to avoid re-running this script phase.\necho \"SUCCESS\" > \"${SCRIPT_OUTPUT_FILE_0}\"\n";
			showEnvVarsInLog = 0;
		};
		675B59D98746C9C075C3D079 /* [CP] Embed Pods Frameworks */ = {
			isa = PBXShellScriptBuildPhase;
			buildActionMask = 2147483647;
			files = (
			);
			inputFileListPaths = (
				"${PODS_ROOT}/Target Support Files/Pods-localizationProject/Pods-localizationProject-frameworks-${CONFIGURATION}-input-files.xcfilelist",
			);
			name = "[CP] Embed Pods Frameworks";
			outputFileListPaths = (
				"${PODS_ROOT}/Target Support Files/Pods-localizationProject/Pods-localizationProject-frameworks-${CONFIGURATION}-output-files.xcfilelist",
			);
			runOnlyForDeploymentPostprocessing = 0;
			shellPath = /bin/sh;
			shellScript = "\"${PODS_ROOT}/Target Support Files/Pods-localizationProject/Pods-localizationProject-frameworks.sh\"\n";
			showEnvVarsInLog = 0;
		};
		E20C94A123D3C1D400D2EDE6 /* R Swift Script */ = {
			isa = PBXShellScriptBuildPhase;
			buildActionMask = 2147483647;
			files = (
			);
			inputFileListPaths = (
			);
			inputPaths = (
				"$TEMP_DIR/rswift-lastrun",
			);
			name = "R Swift Script";
			outputFileListPaths = (
			);
			outputPaths = (
				$SRCROOT/R.generated.swift,
			);
			runOnlyForDeploymentPostprocessing = 0;
			shellPath = /bin/sh;
			shellScript = "\"$PODS_ROOT/R.swift/rswift\" generate \"$SRCROOT/R.generated.swift\"\n\n";
		};
/* End PBXShellScriptBuildPhase section */

/* Begin PBXSourcesBuildPhase section */
		E296C29A23D1DCCB00BD3DFF /* Sources */ = {
			isa = PBXSourcesBuildPhase;
			buildActionMask = 2147483647;
			files = (
				E296C2A623D1DCCB00BD3DFF /* ViewController.swift in Sources */,
				E20C94AD23D4953A00D2EDE6 /* LocalizationSystem.swift in Sources */,
				E296C2A223D1DCCB00BD3DFF /* AppDelegate.swift in Sources */,
				E296C2A423D1DCCB00BD3DFF /* SceneDelegate.swift in Sources */,
				E20C94A523D3C32300D2EDE6 /* R.generated.swift in Sources */,
			);
			runOnlyForDeploymentPostprocessing = 0;
		};
/* End PBXSourcesBuildPhase section */

/* Begin PBXVariantGroup section */
		E20C94AA23D3C80C00D2EDE6 /* Localizable.strings */ = {
			isa = PBXVariantGroup;
			children = (
				E20C94A923D3C80C00D2EDE6 /* ar */,
				E20C94AB23D3C81200D2EDE6 /* en */,
			);
			name = Localizable.strings;
			sourceTree = "<group>";
		};
		E296C2AC23D1DCCD00BD3DFF /* LaunchScreen.storyboard */ = {
			isa = PBXVariantGroup;
			children = (
				E296C2AD23D1DCCD00BD3DFF /* Base */,
				E20C949F23D33E3B00D2EDE6 /* ar */,
			);
			name = LaunchScreen.storyboard;
			sourceTree = "<group>";
		};
/* End PBXVariantGroup section */

/* Begin XCBuildConfiguration section */
		E296C2B023D1DCCD00BD3DFF /* Debug */ = {
			isa = XCBuildConfiguration;
			buildSettings = {
				ALWAYS_SEARCH_USER_PATHS = NO;
				CLANG_ANALYZER_LOCALIZABILITY_NONLOCALIZED = YES;
				CLANG_ANALYZER_NONNULL = YES;
				CLANG_ANALYZER_NUMBER_OBJECT_CONVERSION = YES_AGGRESSIVE;
				CLANG_CXX_LANGUAGE_STANDARD = "gnu++14";
				CLANG_CXX_LIBRARY = "libc++";
				CLANG_ENABLE_MODULES = YES;
				CLANG_ENABLE_OBJC_ARC = YES;
				CLANG_ENABLE_OBJC_WEAK = YES;
				CLANG_WARN_BLOCK_CAPTURE_AUTORELEASING = YES;
				CLANG_WARN_BOOL_CONVERSION = YES;
				CLANG_WARN_COMMA = YES;
				CLANG_WARN_CONSTANT_CONVERSION = YES;
				CLANG_WARN_DEPRECATED_OBJC_IMPLEMENTATIONS = YES;
				CLANG_WARN_DIRECT_OBJC_ISA_USAGE = YES_ERROR;
				CLANG_WARN_DOCUMENTATION_COMMENTS = YES;
				CLANG_WARN_EMPTY_BODY = YES;
				CLANG_WARN_ENUM_CONVERSION = YES;
				CLANG_WARN_INFINITE_RECURSION = YES;
				CLANG_WARN_INT_CONVERSION = YES;
				CLANG_WARN_NON_LITERAL_NULL_CONVERSION = YES;
				CLANG_WARN_OBJC_IMPLICIT_RETAIN_SELF = YES;
				CLANG_WARN_OBJC_LITERAL_CONVERSION = YES;
				CLANG_WARN_OBJC_ROOT_CLASS = YES_ERROR;
				CLANG_WARN_RANGE_LOOP_ANALYSIS = YES;
				CLANG_WARN_STRICT_PROTOTYPES = YES;
				CLANG_WARN_SUSPICIOUS_MOVE = YES;
				CLANG_WARN_UNGUARDED_AVAILABILITY = YES_AGGRESSIVE;
				CLANG_WARN_UNREACHABLE_CODE = YES;
				CLANG_WARN__DUPLICATE_METHOD_MATCH = YES;
				COPY_PHASE_STRIP = NO;
				DEBUG_INFORMATION_FORMAT = dwarf;
				ENABLE_STRICT_OBJC_MSGSEND = YES;
				ENABLE_TESTABILITY = YES;
				GCC_C_LANGUAGE_STANDARD = gnu11;
				GCC_DYNAMIC_NO_PIC = NO;
				GCC_NO_COMMON_BLOCKS = YES;
				GCC_OPTIMIZATION_LEVEL = 0;
				GCC_PREPROCESSOR_DEFINITIONS = (
					"DEBUG=1",
					"$(inherited)",
				);
				GCC_WARN_64_TO_32_BIT_CONVERSION = YES;
				GCC_WARN_ABOUT_RETURN_TYPE = YES_ERROR;
				GCC_WARN_UNDECLARED_SELECTOR = YES;
				GCC_WARN_UNINITIALIZED_AUTOS = YES_AGGRESSIVE;
				GCC_WARN_UNUSED_FUNCTION = YES;
				GCC_WARN_UNUSED_VARIABLE = YES;
				IPHONEOS_DEPLOYMENT_TARGET = 13.1;
				MTL_ENABLE_DEBUG_INFO = INCLUDE_SOURCE;
				MTL_FAST_MATH = YES;
				ONLY_ACTIVE_ARCH = YES;
				SDKROOT = iphoneos;
				SWIFT_ACTIVE_COMPILATION_CONDITIONS = DEBUG;
				SWIFT_OPTIMIZATION_LEVEL = "-Onone";
			};
			name = Debug;
		};
		E296C2B123D1DCCD00BD3DFF /* Release */ = {
			isa = XCBuildConfiguration;
			buildSettings = {
				ALWAYS_SEARCH_USER_PATHS = NO;
				CLANG_ANALYZER_LOCALIZABILITY_NONLOCALIZED = YES;
				CLANG_ANALYZER_NONNULL = YES;
				CLANG_ANALYZER_NUMBER_OBJECT_CONVERSION = YES_AGGRESSIVE;
				CLANG_CXX_LANGUAGE_STANDARD = "gnu++14";
				CLANG_CXX_LIBRARY = "libc++";
				CLANG_ENABLE_MODULES = YES;
				CLANG_ENABLE_OBJC_ARC = YES;
				CLANG_ENABLE_OBJC_WEAK = YES;
				CLANG_WARN_BLOCK_CAPTURE_AUTORELEASING = YES;
				CLANG_WARN_BOOL_CONVERSION = YES;
				CLANG_WARN_COMMA = YES;
				CLANG_WARN_CONSTANT_CONVERSION = YES;
				CLANG_WARN_DEPRECATED_OBJC_IMPLEMENTATIONS = YES;
				CLANG_WARN_DIRECT_OBJC_ISA_USAGE = YES_ERROR;
				CLANG_WARN_DOCUMENTATION_COMMENTS = YES;
				CLANG_WARN_EMPTY_BODY = YES;
				CLANG_WARN_ENUM_CONVERSION = YES;
				CLANG_WARN_INFINITE_RECURSION = YES;
				CLANG_WARN_INT_CONVERSION = YES;
				CLANG_WARN_NON_LITERAL_NULL_CONVERSION = YES;
				CLANG_WARN_OBJC_IMPLICIT_RETAIN_SELF = YES;
				CLANG_WARN_OBJC_LITERAL_CONVERSION = YES;
				CLANG_WARN_OBJC_ROOT_CLASS = YES_ERROR;
				CLANG_WARN_RANGE_LOOP_ANALYSIS = YES;
				CLANG_WARN_STRICT_PROTOTYPES = YES;
				CLANG_WARN_SUSPICIOUS_MOVE = YES;
				CLANG_WARN_UNGUARDED_AVAILABILITY = YES_AGGRESSIVE;
				CLANG_WARN_UNREACHABLE_CODE = YES;
				CLANG_WARN__DUPLICATE_METHOD_MATCH = YES;
				COPY_PHASE_STRIP = NO;
				DEBUG_INFORMATION_FORMAT = "dwarf-with-dsym";
				ENABLE_NS_ASSERTIONS = NO;
				ENABLE_STRICT_OBJC_MSGSEND = YES;
				GCC_C_LANGUAGE_STANDARD = gnu11;
				GCC_NO_COMMON_BLOCKS = YES;
				GCC_WARN_64_TO_32_BIT_CONVERSION = YES;
				GCC_WARN_ABOUT_RETURN_TYPE = YES_ERROR;
				GCC_WARN_UNDECLARED_SELECTOR = YES;
				GCC_WARN_UNINITIALIZED_AUTOS = YES_AGGRESSIVE;
				GCC_WARN_UNUSED_FUNCTION = YES;
				GCC_WARN_UNUSED_VARIABLE = YES;
				IPHONEOS_DEPLOYMENT_TARGET = 13.1;
				MTL_ENABLE_DEBUG_INFO = NO;
				MTL_FAST_MATH = YES;
				SDKROOT = iphoneos;
				SWIFT_COMPILATION_MODE = wholemodule;
				SWIFT_OPTIMIZATION_LEVEL = "-O";
				VALIDATE_PRODUCT = YES;
			};
			name = Release;
		};
		E296C2B323D1DCCD00BD3DFF /* Debug */ = {
			isa = XCBuildConfiguration;
			baseConfigurationReference = D4A5D740C92EADE027349D89 /* Pods-localizationProject.debug.xcconfig */;
			buildSettings = {
				ASSETCATALOG_COMPILER_APPICON_NAME = AppIcon;
				CODE_SIGN_STYLE = Automatic;
				INFOPLIST_FILE = localizationProject/Info.plist;
				LD_RUNPATH_SEARCH_PATHS = (
					"$(inherited)",
					"@executable_path/Frameworks",
				);
				PRODUCT_BUNDLE_IDENTIFIER = jobless.localizationProject;
				PRODUCT_NAME = "$(TARGET_NAME)";
				SWIFT_VERSION = 5.0;
				TARGETED_DEVICE_FAMILY = "1,2";
			};
			name = Debug;
		};
		E296C2B423D1DCCD00BD3DFF /* Release */ = {
			isa = XCBuildConfiguration;
			baseConfigurationReference = A399072EFF396949FF9206D2 /* Pods-localizationProject.release.xcconfig */;
			buildSettings = {
				ASSETCATALOG_COMPILER_APPICON_NAME = AppIcon;
				CODE_SIGN_STYLE = Automatic;
				INFOPLIST_FILE = localizationProject/Info.plist;
				LD_RUNPATH_SEARCH_PATHS = (
					"$(inherited)",
					"@executable_path/Frameworks",
				);
				PRODUCT_BUNDLE_IDENTIFIER = jobless.localizationProject;
				PRODUCT_NAME = "$(TARGET_NAME)";
				SWIFT_VERSION = 5.0;
				TARGETED_DEVICE_FAMILY = "1,2";
			};
			name = Release;
		};
/* End XCBuildConfiguration section */

/* Begin XCConfigurationList section */
		E296C29923D1DCCB00BD3DFF /* Build configuration list for PBXProject "localizationProject" */ = {
			isa = XCConfigurationList;
			buildConfigurations = (
				E296C2B023D1DCCD00BD3DFF /* Debug */,
				E296C2B123D1DCCD00BD3DFF /* Release */,
			);
			defaultConfigurationIsVisible = 0;
			defaultConfigurationName = Release;
		};
		E296C2B223D1DCCD00BD3DFF /* Build configuration list for PBXNativeTarget "localizationProject" */ = {
			isa = XCConfigurationList;
			buildConfigurations = (
				E296C2B323D1DCCD00BD3DFF /* Debug */,
				E296C2B423D1DCCD00BD3DFF /* Release */,
			);
			defaultConfigurationIsVisible = 0;
			defaultConfigurationName = Release;
		};
/* End XCConfigurationList section */
	};
	rootObject = E296C29623D1DCCB00BD3DFF /* Project object */;
}
